
Microsoft Visual Studio Solution File, Format Version 12.00
# Visual Studio 15
VisualStudioVersion = 15.0.27703.2042
MinimumVisualStudioVersion = 10.0.40219.1
Project("{FAE04EC0-301F-11D3-BF4B-00C04F79EFBC}") = "www", "www\www.csproj", "{DC9A655D-9107-4803-A59E-C536A0787FEB}"
EndProject
Global
	GlobalSection(SolutionConfigurationPlatforms) = preSolution
		Debug|Any CPU = Debug|Any CPU
		Release|Any CPU = Release|Any CPU
	EndGlobalSection
	GlobalSection(ProjectConfigurationPlatforms) = postSolution
		{DC9A655D-9107-4803-A59E-C536A0787FEB}.Debug|Any CPU.ActiveCfg = Debug|Any CPU
		{DC9A655D-9107-4803-A59E-C536A0787FEB}.Debug|Any CPU.Build.0 = Debug|Any CPU
		{DC9A655D-9107-4803-A59E-C536A0787FEB}.Release|Any CPU.ActiveCfg = Release|Any CPU
		{DC9A655D-9107-4803-A59E-C536A0787FEB}.Release|Any CPU.Build.0 = Release|Any CPU
	EndGlobalSection
	GlobalSection(SolutionProperties) = preSolution
		HideSolutionNode = FALSE
	EndGlobalSection
	GlobalSection(ExtensibilityGlobals) = postSolution
		SolutionGuid = {26201413-822B-49EE-83FA-D3A324269D3E}
	EndGlobalSection
EndGlobal
